
Microsoft Visual Studio Solution File, Format Version 12.00
# Visual Studio Version 16
VisualStudioVersion = 16.0.30611.23
MinimumVisualStudioVersion = 10.0.40219.1
Project("{FAE04EC0-301F-11D3-BF4B-00C04F79EFBC}") = "Benzersiz.Sayilar.App", "Benzersiz.Sayilar.App\Benzersiz.Sayilar.App.csproj", "{52E14F24-3A90-4F3A-98A3-E11A1D955B85}"
EndProject
Global
	GlobalSection(SolutionConfigurationPlatforms) = preSolution
		Debug|Any CPU = Debug|Any CPU
		Release|Any CPU = Release|Any CPU
	EndGlobalSection
	GlobalSection(ProjectConfigurationPlatforms) = postSolution
		{52E14F24-3A90-4F3A-98A3-E11A1D955B85}.Debug|Any CPU.ActiveCfg = Debug|Any CPU
		{52E14F24-3A90-4F3A-98A3-E11A1D955B85}.Debug|Any CPU.Build.0 = Debug|Any CPU
		{52E14F24-3A90-4F3A-98A3-E11A1D955B85}.Release|Any CPU.ActiveCfg = Release|Any CPU
		{52E14F24-3A90-4F3A-98A3-E11A1D955B85}.Release|Any CPU.Build.0 = Release|Any CPU
	EndGlobalSection
	GlobalSection(SolutionProperties) = preSolution
		HideSolutionNode = FALSE
	EndGlobalSection
	GlobalSection(ExtensibilityGlobals) = postSolution
		SolutionGuid = {2C71B836-EF7A-494C-8746-75A942261E2C}
	EndGlobalSection
EndGlobal
